
Microsoft Visual Studio Solution File, Format Version 12.00
# Visual Studio 15
VisualStudioVersion = 15.0.28307.421
MinimumVisualStudioVersion = 10.0.40219.1
Project("{FAE04EC0-301F-11D3-BF4B-00C04F79EFBC}") = "Bol-IT", "Bol-IT\Bol-IT.csproj", "{95610FD6-0AEE-4A40-975A-CDCA03EEEDB2}"
EndProject
Project("{FAE04EC0-301F-11D3-BF4B-00C04F79EFBC}") = "BusinessLayer", "BusinessLayer\BusinessLayer.csproj", "{2D853293-026A-459A-9D05-6BEB8C86787F}"
EndProject
Project("{FAE04EC0-301F-11D3-BF4B-00C04F79EFBC}") = "DataAccessLayer", "DataAccessLayer\DataAccessLayer.csproj", "{F5926625-0389-40F0-82F6-40701E4D1A42}"
EndProject
Project("{FAE04EC0-301F-11D3-BF4B-00C04F79EFBC}") = "GlobalClasses", "GlobalClasses\GlobalClasses.csproj", "{56344FC0-CE9C-4754-ACA0-A1763DB0DCCA}"
EndProject
Global
	GlobalSection(SolutionConfigurationPlatforms) = preSolution
		Debug|Any CPU = Debug|Any CPU
		Release|Any CPU = Release|Any CPU
	EndGlobalSection
	GlobalSection(ProjectConfigurationPlatforms) = postSolution
		{95610FD6-0AEE-4A40-975A-CDCA03EEEDB2}.Debug|Any CPU.ActiveCfg = Debug|Any CPU
		{95610FD6-0AEE-4A40-975A-CDCA03EEEDB2}.Debug|Any CPU.Build.0 = Debug|Any CPU
		{95610FD6-0AEE-4A40-975A-CDCA03EEEDB2}.Release|Any CPU.ActiveCfg = Release|Any CPU
		{95610FD6-0AEE-4A40-975A-CDCA03EEEDB2}.Release|Any CPU.Build.0 = Release|Any CPU
		{2D853293-026A-459A-9D05-6BEB8C86787F}.Debug|Any CPU.ActiveCfg = Debug|Any CPU
		{2D853293-026A-459A-9D05-6BEB8C86787F}.Debug|Any CPU.Build.0 = Debug|Any CPU
		{2D853293-026A-459A-9D05-6BEB8C86787F}.Release|Any CPU.ActiveCfg = Release|Any CPU
		{2D853293-026A-459A-9D05-6BEB8C86787F}.Release|Any CPU.Build.0 = Release|Any CPU
		{F5926625-0389-40F0-82F6-40701E4D1A42}.Debug|Any CPU.ActiveCfg = Debug|Any CPU
		{F5926625-0389-40F0-82F6-40701E4D1A42}.Debug|Any CPU.Build.0 = Debug|Any CPU
		{F5926625-0389-40F0-82F6-40701E4D1A42}.Release|Any CPU.ActiveCfg = Release|Any CPU
		{F5926625-0389-40F0-82F6-40701E4D1A42}.Release|Any CPU.Build.0 = Release|Any CPU
		{56344FC0-CE9C-4754-ACA0-A1763DB0DCCA}.Debug|Any CPU.ActiveCfg = Debug|Any CPU
		{56344FC0-CE9C-4754-ACA0-A1763DB0DCCA}.Debug|Any CPU.Build.0 = Debug|Any CPU
		{56344FC0-CE9C-4754-ACA0-A1763DB0DCCA}.Release|Any CPU.ActiveCfg = Release|Any CPU
		{56344FC0-CE9C-4754-ACA0-A1763DB0DCCA}.Release|Any CPU.Build.0 = Release|Any CPU
	EndGlobalSection
	GlobalSection(SolutionProperties) = preSolution
		HideSolutionNode = FALSE
	EndGlobalSection
	GlobalSection(ExtensibilityGlobals) = postSolution
		SolutionGuid = {3D934F11-48A8-45AE-99F6-7D532806E03F}
	EndGlobalSection
EndGlobal
